
Microsoft Visual Studio Solution File, Format Version 12.00
# Visual Studio Version 17
VisualStudioVersion = 17.13.35931.197 d17.13
MinimumVisualStudioVersion = 10.0.40219.1
Project("{FAE04EC0-301F-11D3-BF4B-00C04F79EFBC}") = "PeaceApi", "PeaceApi.csproj", "{2EA49404-EF12-BC78-67C5-083FD23E1E7E}"
EndProject
Global
	GlobalSection(SolutionConfigurationPlatforms) = preSolution
		Debug|Any CPU = Debug|Any CPU
		Release|Any CPU = Release|Any CPU
	EndGlobalSection
	GlobalSection(ProjectConfigurationPlatforms) = postSolution
		{2EA49404-EF12-BC78-67C5-083FD23E1E7E}.Debug|Any CPU.ActiveCfg = Debug|Any CPU
		{2EA49404-EF12-BC78-67C5-083FD23E1E7E}.Debug|Any CPU.Build.0 = Debug|Any CPU
		{2EA49404-EF12-BC78-67C5-083FD23E1E7E}.Release|Any CPU.ActiveCfg = Release|Any CPU
		{2EA49404-EF12-BC78-67C5-083FD23E1E7E}.Release|Any CPU.Build.0 = Release|Any CPU
	EndGlobalSection
	GlobalSection(SolutionProperties) = preSolution
		HideSolutionNode = FALSE
	EndGlobalSection
	GlobalSection(ExtensibilityGlobals) = postSolution
		SolutionGuid = {C1DD6715-3286-4A0A-9BE8-33869A406542}
	EndGlobalSection
EndGlobal
